
Microsoft Visual Studio Solution File, Format Version 12.00
# Visual Studio Version 17
VisualStudioVersion = 17.11.35327.3
MinimumVisualStudioVersion = 10.0.40219.1
Project("{FAE04EC0-301F-11D3-BF4B-00C04F79EFBC}") = "WebApplicationEWX", "WebApplicationEWX\WebApplicationEWX.csproj", "{03CBDFAE-BEA3-4E1B-B2EE-4C5918176C97}"
EndProject
Global
	GlobalSection(SolutionConfigurationPlatforms) = preSolution
		Debug|Any CPU = Debug|Any CPU
		Release|Any CPU = Release|Any CPU
	EndGlobalSection
	GlobalSection(ProjectConfigurationPlatforms) = postSolution
		{03CBDFAE-BEA3-4E1B-B2EE-4C5918176C97}.Debug|Any CPU.ActiveCfg = Debug|Any CPU
		{03CBDFAE-BEA3-4E1B-B2EE-4C5918176C97}.Debug|Any CPU.Build.0 = Debug|Any CPU
		{03CBDFAE-BEA3-4E1B-B2EE-4C5918176C97}.Release|Any CPU.ActiveCfg = Release|Any CPU
		{03CBDFAE-BEA3-4E1B-B2EE-4C5918176C97}.Release|Any CPU.Build.0 = Release|Any CPU
	EndGlobalSection
	GlobalSection(SolutionProperties) = preSolution
		HideSolutionNode = FALSE
	EndGlobalSection
	GlobalSection(ExtensibilityGlobals) = postSolution
		SolutionGuid = {6FF23A32-3DAC-4651-87AC-9C8B2A1CB0C3}
	EndGlobalSection
EndGlobal
